Microsoft Visual Studio Solution File, Format Version 12.00
# Visual Studio Version 17
VisualStudioVersion = 17.5.2.0
MinimumVisualStudioVersion = 10.0.40219.1
Project("{FAE04EC0-301F-11D3-BF4B-00C04F79EFBC}") = "HBO-Quiz", "HBO-Quiz.csproj", "{C34D5499-8EC7-96B7-353A-58782FB8E683}"
EndProject
Global
	GlobalSection(SolutionConfigurationPlatforms) = preSolution
		Debug|Any CPU = Debug|Any CPU
		Release|Any CPU = Release|Any CPU
	EndGlobalSection
	GlobalSection(ProjectConfigurationPlatforms) = postSolution
		{C34D5499-8EC7-96B7-353A-58782FB8E683}.Debug|Any CPU.ActiveCfg = Debug|Any CPU
		{C34D5499-8EC7-96B7-353A-58782FB8E683}.Debug|Any CPU.Build.0 = Debug|Any CPU
		{C34D5499-8EC7-96B7-353A-58782FB8E683}.Release|Any CPU.ActiveCfg = Release|Any CPU
		{C34D5499-8EC7-96B7-353A-58782FB8E683}.Release|Any CPU.Build.0 = Release|Any CPU
	EndGlobalSection
	GlobalSection(SolutionProperties) = preSolution
		HideSolutionNode = FALSE
	EndGlobalSection
	GlobalSection(ExtensibilityGlobals) = postSolution
		SolutionGuid = {80234DC7-3CDF-4E5C-936D-A2573C2ABB16}
	EndGlobalSection
EndGlobal
